{
  "version": 4,
  "terraform_version": "1.5.7",
  "serial": 827,
  "lineage": "6be172d4-5d1a-dc11-2f84-4a06eb64d8f7",
  "outputs": {},
  "resources": [
    {
      "mode": "data",
      "type": "azurerm_client_config",
      "name": "current",
      "provider": "provider[\"registry.terraform.io/hashicorp/azurerm\"]",
      "instances": [
        {
          "schema_version": 0,
          "attributes": {
            "client_id": "04b07795-8ddb-461a-bbee-02f9e1bf7b46",
            "id": "Y2xpZW50Q29uZmlncy9jbGllbnRJZD0wNGIwNzc5NS04ZGRiLTQ2MWEtYmJlZS0wMmY5ZTFiZjdiNDY7b2JqZWN0SWQ9NTJlYjNhZDMtNmU3OC00ODMwLWJmMGItYzg3YzRkOWMwZGY4O3N1YnNjcmlwdGlvbklkPTI2ZjcyNTY4LTE0NDQtNGQ1NS04NThmLTkxMTU1YWI4M2QzZDt0ZW5hbnRJZD0wOTZlNTI0ZC02OTI5LTQwMzAtOGNkMy04YWI0MmRlMDg4N2I=",
            "object_id": "52eb3ad3-6e78-4830-bf0b-c87c4d9c0df8",
            "subscription_id": "26f72568-1444-4d55-858f-91155ab83d3d",
            "tenant_id": "096e524d-6929-4030-8cd3-8ab42de0887b",
            "timeouts": null
          },
          "sensitive_attributes": []
        }
      ]
    },
    {
      "mode": "data",
      "type": "azurerm_subscription",
      "name": "current",
      "provider": "provider[\"registry.terraform.io/hashicorp/azurerm\"]",
      "instances": [
        {
          "schema_version": 0,
          "attributes": {
            "display_name": "Azure for Students",
            "id": "/subscriptions/26f72568-1444-4d55-858f-91155ab83d3d",
            "location_placement_id": "Public_2014-09-01",
            "quota_id": "AzureForStudents_2018-01-01",
            "spending_limit": "On",
            "state": "Enabled",
            "subscription_id": "26f72568-1444-4d55-858f-91155ab83d3d",
            "tags": {},
            "tenant_id": "096e524d-6929-4030-8cd3-8ab42de0887b",
            "timeouts": null
          },
          "sensitive_attributes": []
        }
      ]
    },
    {
      "mode": "managed",
      "type": "azurerm_databricks_workspace",
      "name": "databricksworkspace",
      "provider": "provider[\"registry.terraform.io/hashicorp/azurerm\"]",
      "instances": [
        {
          "schema_version": 0,
          "attributes": {
            "custom_parameters": [
              {
                "machine_learning_workspace_id": "",
                "nat_gateway_name": "",
                "no_public_ip": true,
                "private_subnet_name": "private-subnet",
                "private_subnet_network_security_group_association_id": "/subscriptions/26f72568-1444-4d55-858f-91155ab83d3d/resourceGroups/TrackingFlightFrequencies/providers/Microsoft.Network/virtualNetworks/vnet1/subnets/private-subnet",
                "public_ip_name": "nat-gw-public-ip",
                "public_subnet_name": "public-subnet",
                "public_subnet_network_security_group_association_id": "/subscriptions/26f72568-1444-4d55-858f-91155ab83d3d/resourceGroups/TrackingFlightFrequencies/providers/Microsoft.Network/virtualNetworks/vnet1/subnets/public-subnet",
                "storage_account_name": "dbstoragesymgtua3itflu",
                "storage_account_sku_name": "Standard_GRS",
                "virtual_network_id": "/subscriptions/26f72568-1444-4d55-858f-91155ab83d3d/resourceGroups/TrackingFlightFrequencies/providers/Microsoft.Network/virtualNetworks/vnet1",
                "vnet_address_prefix": "10.139"
              }
            ],
            "customer_managed_key_enabled": false,
            "disk_encryption_set_id": null,
            "id": "/subscriptions/26f72568-1444-4d55-858f-91155ab83d3d/resourceGroups/TrackingFlightFrequencies/providers/Microsoft.Databricks/workspaces/TrackingFlightFrequencies_dbw",
            "infrastructure_encryption_enabled": false,
            "load_balancer_backend_address_pool_id": "",
            "location": "westeurope",
            "managed_disk_cmk_key_vault_key_id": null,
            "managed_disk_cmk_rotation_to_latest_version_enabled": null,
            "managed_disk_identity": [],
            "managed_resource_group_id": "/subscriptions/26f72568-1444-4d55-858f-91155ab83d3d/resourceGroups/databricks-rg-TrackingFlightFrequencies",
            "managed_resource_group_name": "databricks-rg-TrackingFlightFrequencies",
            "managed_services_cmk_key_vault_key_id": null,
            "name": "TrackingFlightFrequencies_dbw",
            "network_security_group_rules_required": null,
            "public_network_access_enabled": true,
            "resource_group_name": "TrackingFlightFrequencies",
            "sku": "trial",
            "storage_account_identity": [],
            "tags": {},
            "timeouts": null,
            "workspace_id": "1091856218151451",
            "workspace_url": "adb-1091856218151451.11.azuredatabricks.net"
          },
          "sensitive_attributes": [],
          "private": "eyJlMmJmYjczMC1lY2FhLTExZTYtOGY4OC0zNDM2M2JjN2M0YzAiOnsiY3JlYXRlIjoxODAwMDAwMDAwMDAwLCJkZWxldGUiOjE4MDAwMDAwMDAwMDAsInJlYWQiOjMwMDAwMDAwMDAwMCwidXBkYXRlIjoxODAwMDAwMDAwMDAwfX0=",
          "dependencies": [
            "azurerm_resource_group.TrackingFlightFrequencies",
            "module.vnet_module.azurerm_network_security_group.security_group",
            "module.vnet_module.azurerm_subnet.private-subnet",
            "module.vnet_module.azurerm_subnet.public-subnet",
            "module.vnet_module.azurerm_subnet_network_security_group_association.private_subnet_association",
            "module.vnet_module.azurerm_subnet_network_security_group_association.public_sunbnet_association",
            "module.vnet_module.azurerm_virtual_network.vnet1"
          ]
        }
      ]
    },
    {
      "mode": "managed",
      "type": "azurerm_resource_group",
      "name": "TrackingFlightFrequencies",
      "provider": "provider[\"registry.terraform.io/hashicorp/azurerm\"]",
      "instances": [
        {
          "schema_version": 0,
          "attributes": {
            "id": "/subscriptions/26f72568-1444-4d55-858f-91155ab83d3d/resourceGroups/TrackingFlightFrequencies",
            "location": "westeurope",
            "managed_by": "",
            "name": "TrackingFlightFrequencies",
            "tags": {},
            "timeouts": null
          },
          "sensitive_attributes": [],
          "private": "eyJlMmJmYjczMC1lY2FhLTExZTYtOGY4OC0zNDM2M2JjN2M0YzAiOnsiY3JlYXRlIjo1NDAwMDAwMDAwMDAwLCJkZWxldGUiOjU0MDAwMDAwMDAwMDAsInJlYWQiOjMwMDAwMDAwMDAwMCwidXBkYXRlIjo1NDAwMDAwMDAwMDAwfX0="
        }
      ]
    },
    {
      "mode": "managed",
      "type": "databricks_directory",
      "name": "db_root_dir",
      "provider": "provider[\"registry.terraform.io/databricks/databricks\"]",
      "instances": [
        {
          "schema_version": 0,
          "attributes": {
            "delete_recursive": false,
            "id": "/TrackingFlightFrequencies",
            "object_id": 378774455896381,
            "path": "/TrackingFlightFrequencies",
            "workspace_path": "/Workspace/TrackingFlightFrequencies"
          },
          "sensitive_attributes": [],
          "private": "bnVsbA==",
          "dependencies": [
            "azurerm_databricks_workspace.databricksworkspace",
            "azurerm_resource_group.TrackingFlightFrequencies",
            "module.vnet_module.azurerm_network_security_group.security_group",
            "module.vnet_module.azurerm_subnet.private-subnet",
            "module.vnet_module.azurerm_subnet.public-subnet",
            "module.vnet_module.azurerm_subnet_network_security_group_association.private_subnet_association",
            "module.vnet_module.azurerm_subnet_network_security_group_association.public_sunbnet_association",
            "module.vnet_module.azurerm_virtual_network.vnet1"
          ]
        }
      ]
    },
    {
      "module": "module.db_access_control",
      "mode": "data",
      "type": "azurerm_client_config",
      "name": "current",
      "provider": "provider[\"registry.terraform.io/hashicorp/azurerm\"]",
      "instances": [
        {
          "schema_version": 0,
          "attributes": {
            "client_id": "04b07795-8ddb-461a-bbee-02f9e1bf7b46",
            "id": "Y2xpZW50Q29uZmlncy9jbGllbnRJZD0wNGIwNzc5NS04ZGRiLTQ2MWEtYmJlZS0wMmY5ZTFiZjdiNDY7b2JqZWN0SWQ9NTJlYjNhZDMtNmU3OC00ODMwLWJmMGItYzg3YzRkOWMwZGY4O3N1YnNjcmlwdGlvbklkPTI2ZjcyNTY4LTE0NDQtNGQ1NS04NThmLTkxMTU1YWI4M2QzZDt0ZW5hbnRJZD0wOTZlNTI0ZC02OTI5LTQwMzAtOGNkMy04YWI0MmRlMDg4N2I=",
            "object_id": "52eb3ad3-6e78-4830-bf0b-c87c4d9c0df8",
            "subscription_id": "26f72568-1444-4d55-858f-91155ab83d3d",
            "tenant_id": "096e524d-6929-4030-8cd3-8ab42de0887b",
            "timeouts": null
          },
          "sensitive_attributes": []
        }
      ]
    },
    {
      "module": "module.db_access_control",
      "mode": "managed",
      "type": "azurerm_key_vault_access_policy",
      "name": "kv_access_policy",
      "provider": "provider[\"registry.terraform.io/hashicorp/azurerm\"]",
      "instances": [
        {
          "schema_version": 0,
          "attributes": {
            "application_id": "",
            "certificate_permissions": [],
            "id": "/subscriptions/26f72568-1444-4d55-858f-91155ab83d3d/resourceGroups/TrackingFlightFrequencies/providers/Microsoft.KeyVault/vaults/FlightFreq-kv/objectId/71b4f42a-d6ef-49f0-8035-050d27d2e9d0",
            "key_permissions": [],
            "key_vault_id": "/subscriptions/26f72568-1444-4d55-858f-91155ab83d3d/resourceGroups/TrackingFlightFrequencies/providers/Microsoft.KeyVault/vaults/FlightFreq-kv",
            "object_id": "71b4f42a-d6ef-49f0-8035-050d27d2e9d0",
            "secret_permissions": [
              "Delete",
              "Get",
              "List",
              "Set",
              "Purge"
            ],
            "storage_permissions": [],
            "tenant_id": "096e524d-6929-4030-8cd3-8ab42de0887b",
            "timeouts": null
          },
          "sensitive_attributes": [],
          "private": "eyJlMmJmYjczMC1lY2FhLTExZTYtOGY4OC0zNDM2M2JjN2M0YzAiOnsiY3JlYXRlIjoxODAwMDAwMDAwMDAwLCJkZWxldGUiOjE4MDAwMDAwMDAwMDAsInJlYWQiOjMwMDAwMDAwMDAwMCwidXBkYXRlIjoxODAwMDAwMDAwMDAwfX0=",
          "dependencies": [
            "azurerm_resource_group.TrackingFlightFrequencies",
            "module.db_access_control.azurerm_user_assigned_identity.databricks_identity",
            "module.db_access_control.data.azurerm_client_config.current",
            "module.keyvault_module.azurerm_key_vault.keyvault",
            "module.keyvault_module.data.azurerm_client_config.current"
          ]
        }
      ]
    },
    {
      "module": "module.db_access_control",
      "mode": "managed",
      "type": "azurerm_role_assignment",
      "name": "role_assignment_blob_databricks",
      "provider": "provider[\"registry.terraform.io/hashicorp/azurerm\"]",
      "instances": [
        {
          "schema_version": 0,
          "attributes": {
            "condition": "",
            "condition_version": "",
            "delegated_managed_identity_resource_id": "",
            "description": "",
            "id": "/subscriptions/26f72568-1444-4d55-858f-91155ab83d3d/resourceGroups/TrackingFlightFrequencies/providers/Microsoft.Storage/storageAccounts/flightfreqstgacc9724/providers/Microsoft.Authorization/roleAssignments/d26e907b-5fb9-7ca3-a9ea-36bb91de04ea",
            "name": "d26e907b-5fb9-7ca3-a9ea-36bb91de04ea",
            "principal_id": "71b4f42a-d6ef-49f0-8035-050d27d2e9d0",
            "principal_type": "ServicePrincipal",
            "role_definition_id": "/subscriptions/26f72568-1444-4d55-858f-91155ab83d3d/providers/Microsoft.Authorization/roleDefinitions/ba92f5b4-2d11-453d-a403-e96b0029c9fe",
            "role_definition_name": "Storage Blob Data Contributor",
            "scope": "/subscriptions/26f72568-1444-4d55-858f-91155ab83d3d/resourceGroups/TrackingFlightFrequencies/providers/Microsoft.Storage/storageAccounts/flightfreqstgacc9724",
            "skip_service_principal_aad_check": null,
            "timeouts": null
          },
          "sensitive_attributes": [],
          "private": "eyJlMmJmYjczMC1lY2FhLTExZTYtOGY4OC0zNDM2M2JjN2M0YzAiOnsiY3JlYXRlIjoxODAwMDAwMDAwMDAwLCJkZWxldGUiOjE4MDAwMDAwMDAwMDAsInJlYWQiOjMwMDAwMDAwMDAwMH19",
          "dependencies": [
            "azurerm_resource_group.TrackingFlightFrequencies",
            "module.db_access_control.azurerm_user_assigned_identity.databricks_identity",
            "module.storage_module.azurerm_storage_account.stgacc",
            "module.vnet_module.azurerm_subnet.private-subnet",
            "module.vnet_module.azurerm_subnet.public-subnet",
            "module.vnet_module.azurerm_virtual_network.vnet1"
          ]
        }
      ]
    },
    {
      "module": "module.db_access_control",
      "mode": "managed",
      "type": "azurerm_user_assigned_identity",
      "name": "databricks_identity",
      "provider": "provider[\"registry.terraform.io/hashicorp/azurerm\"]",
      "instances": [
        {
          "schema_version": 1,
          "attributes": {
            "client_id": "e9b786e6-aa51-4cb7-bbe1-08f4bfe3df3d",
            "id": "/subscriptions/26f72568-1444-4d55-858f-91155ab83d3d/resourceGroups/TrackingFlightFrequencies/providers/Microsoft.ManagedIdentity/userAssignedIdentities/databricks_identity",
            "location": "westeurope",
            "name": "databricks_identity",
            "principal_id": "71b4f42a-d6ef-49f0-8035-050d27d2e9d0",
            "resource_group_name": "TrackingFlightFrequencies",
            "tags": {},
            "tenant_id": "096e524d-6929-4030-8cd3-8ab42de0887b",
            "timeouts": null
          },
          "sensitive_attributes": [],
          "private": "eyJlMmJmYjczMC1lY2FhLTExZTYtOGY4OC0zNDM2M2JjN2M0YzAiOnsiY3JlYXRlIjoxODAwMDAwMDAwMDAwLCJkZWxldGUiOjE4MDAwMDAwMDAwMDAsInJlYWQiOjMwMDAwMDAwMDAwMCwidXBkYXRlIjoxODAwMDAwMDAwMDAwfSwic2NoZW1hX3ZlcnNpb24iOiIxIn0=",
          "dependencies": [
            "azurerm_resource_group.TrackingFlightFrequencies"
          ]
        }
      ]
    },
    {
      "module": "module.db_compute",
      "mode": "data",
      "type": "databricks_node_type",
      "name": "smallest",
      "provider": "provider[\"registry.terraform.io/databricks/databricks\"]",
      "instances": [
        {
          "schema_version": 0,
          "attributes": {
            "category": null,
            "fleet": null,
            "gb_per_core": null,
            "graviton": null,
            "id": "Standard_F4s",
            "is_io_cache_enabled": null,
            "local_disk": true,
            "local_disk_min_size": null,
            "min_cores": null,
            "min_gpus": null,
            "min_memory_gb": null,
            "photon_driver_capable": null,
            "photon_worker_capable": null,
            "support_port_forwarding": null
          },
          "sensitive_attributes": []
        }
      ]
    },
    {
      "module": "module.db_compute",
      "mode": "data",
      "type": "databricks_spark_version",
      "name": "latest_lts",
      "provider": "provider[\"registry.terraform.io/databricks/databricks\"]",
      "instances": [
        {
          "schema_version": 0,
          "attributes": {
            "beta": null,
            "genomics": null,
            "gpu": null,
            "graviton": null,
            "id": "13.3.x-scala2.12",
            "latest": true,
            "long_term_support": true,
            "ml": null,
            "photon": null,
            "scala": "2.12",
            "spark_version": null
          },
          "sensitive_attributes": []
        }
      ]
    },
    {
      "module": "module.db_compute",
      "mode": "managed",
      "type": "databricks_cluster",
      "name": "personal_cluster",
      "provider": "provider[\"registry.terraform.io/databricks/databricks\"]",
      "instances": [
        {
          "schema_version": 2,
          "attributes": {
            "apply_policy_default_values": null,
            "autoscale": [],
            "autotermination_minutes": 60,
            "aws_attributes": [],
            "azure_attributes": [
              {
                "availability": "ON_DEMAND_AZURE",
                "first_on_demand": 1,
                "spot_bid_max_price": -1
              }
            ],
            "cluster_id": "0131-095802-8lvkw1zs",
            "cluster_log_conf": [],
            "cluster_mount_info": [],
            "cluster_name": "personal_cluster",
            "custom_tags": {
              "ResourceClass": "SingleNode"
            },
            "data_security_mode": "LEGACY_SINGLE_USER_STANDARD",
            "default_tags": {
              "ClusterId": "0131-095802-8lvkw1zs",
              "ClusterName": "personal_cluster",
              "Creator": "yweijenberg@tudelft.nl",
              "Vendor": "Databricks"
            },
            "docker_image": [],
            "driver_instance_pool_id": null,
            "driver_node_type_id": "Standard_F4s",
            "enable_elastic_disk": true,
            "enable_local_disk_encryption": false,
            "gcp_attributes": [],
            "id": "0131-095802-8lvkw1zs",
            "idempotency_token": null,
            "init_scripts": [],
            "instance_pool_id": null,
            "is_pinned": false,
            "library": [],
            "node_type_id": "Standard_F4s",
            "num_workers": 0,
            "policy_id": null,
            "runtime_engine": null,
            "single_user_name": "",
            "spark_conf": {
              "spark.databricks.cluster.profile": "singleNode",
              "spark.master": "local[*]"
            },
            "spark_env_vars": null,
            "spark_version": "13.3.x-scala2.12",
            "ssh_public_keys": null,
            "state": "RUNNING",
            "timeouts": null,
            "url": "https://adb-1091856218151451.11.azuredatabricks.net/#setting/clusters/0131-095802-8lvkw1zs/configuration",
            "workload_type": []
          },
          "sensitive_attributes": [],
          "private": "eyJlMmJmYjczMC1lY2FhLTExZTYtOGY4OC0zNDM2M2JjN2M0YzAiOnsiY3JlYXRlIjoxODAwMDAwMDAwMDAwLCJkZWxldGUiOjE4MDAwMDAwMDAwMDAsInVwZGF0ZSI6MTgwMDAwMDAwMDAwMH0sInNjaGVtYV92ZXJzaW9uIjoiMiJ9",
          "dependencies": [
            "azurerm_databricks_workspace.databricksworkspace",
            "azurerm_resource_group.TrackingFlightFrequencies",
            "module.db_access_control.azurerm_key_vault_access_policy.kv_access_policy",
            "module.db_access_control.azurerm_role_assignment.role_assignment_blob_databricks",
            "module.db_access_control.azurerm_user_assigned_identity.databricks_identity",
            "module.db_access_control.data.azurerm_client_config.current",
            "module.db_compute.data.databricks_node_type.smallest",
            "module.db_compute.data.databricks_spark_version.latest_lts",
            "module.keyvault_module.azurerm_key_vault.keyvault",
            "module.keyvault_module.azurerm_key_vault_access_policy.user_access_policy",
            "module.keyvault_module.azurerm_key_vault_secret.keyvault_secrets",
            "module.keyvault_module.azurerm_key_vault_secret.storage_sas",
            "module.keyvault_module.data.azuread_user.my_user",
            "module.keyvault_module.data.azurerm_client_config.current",
            "module.storage_module.azurerm_storage_account.stgacc",
            "module.storage_module.data.azurerm_storage_account_sas.sas_token",
            "module.vnet_module.azurerm_network_security_group.security_group",
            "module.vnet_module.azurerm_subnet.private-subnet",
            "module.vnet_module.azurerm_subnet.public-subnet",
            "module.vnet_module.azurerm_subnet_network_security_group_association.private_subnet_association",
            "module.vnet_module.azurerm_subnet_network_security_group_association.public_sunbnet_association",
            "module.vnet_module.azurerm_virtual_network.vnet1"
          ]
        }
      ]
    },
    {
      "module": "module.db_secret_scope",
      "mode": "managed",
      "type": "databricks_secret_scope",
      "name": "kv",
      "provider": "provider[\"registry.terraform.io/databricks/databricks\"]",
      "instances": [
        {
          "schema_version": 2,
          "attributes": {
            "backend_type": "AZURE_KEYVAULT",
            "id": "keyvault-managed",
            "initial_manage_principal": null,
            "keyvault_metadata": [
              {
                "dns_name": "https://flightfreq-kv.vault.azure.net/",
                "resource_id": "/subscriptions/26f72568-1444-4d55-858f-91155ab83d3d/resourceGroups/TrackingFlightFrequencies/providers/Microsoft.KeyVault/vaults/FlightFreq-kv"
              }
            ],
            "name": "keyvault-managed"
          },
          "sensitive_attributes": [],
          "private": "eyJzY2hlbWFfdmVyc2lvbiI6IjIifQ==",
          "dependencies": [
            "azurerm_databricks_workspace.databricksworkspace",
            "azurerm_resource_group.TrackingFlightFrequencies",
            "module.keyvault_module.azurerm_key_vault.keyvault",
            "module.keyvault_module.data.azurerm_client_config.current",
            "module.vnet_module.azurerm_network_security_group.security_group",
            "module.vnet_module.azurerm_subnet.private-subnet",
            "module.vnet_module.azurerm_subnet.public-subnet",
            "module.vnet_module.azurerm_subnet_network_security_group_association.private_subnet_association",
            "module.vnet_module.azurerm_subnet_network_security_group_association.public_sunbnet_association",
            "module.vnet_module.azurerm_virtual_network.vnet1"
          ]
        }
      ]
    },
    {
      "module": "module.keyvault_module",
      "mode": "data",
      "type": "azuread_user",
      "name": "my_user",
      "provider": "provider[\"registry.terraform.io/hashicorp/azuread\"]",
      "instances": [
        {
          "schema_version": 0,
          "attributes": {
            "account_enabled": true,
            "age_group": "",
            "business_phones": [],
            "city": "",
            "company_name": "TUDelft-3ME",
            "consent_provided_for_minor": "",
            "cost_center": null,
            "country": "",
            "creation_type": "",
            "department": "M Biomedical Engineering",
            "display_name": "Yannick Weijenberg",
            "division": null,
            "employee_id": "",
            "employee_type": "",
            "external_user_state": "",
            "fax_number": "",
            "given_name": "Yannick",
            "id": "52eb3ad3-6e78-4830-bf0b-c87c4d9c0df8",
            "im_addresses": [
              "yweijenberg@tudelft.nl"
            ],
            "job_title": "student",
            "mail": "Y.Weijenberg@student.tudelft.nl",
            "mail_nickname": "Y.Weijenberg",
            "manager_id": "",
            "mobile_phone": "",
            "object_id": "52eb3ad3-6e78-4830-bf0b-c87c4d9c0df8",
            "office_location": "",
            "onpremises_distinguished_name": "CN=Weijenberg\\, Y. (yweijenberg),OU=Students,OU=MDS,DC=tudelft,DC=net",
            "onpremises_domain_name": "tudelft.net",
            "onpremises_immutable_id": "MSrM67egrk+9saKNWIRSfg==",
            "onpremises_sam_account_name": "yweijenberg",
            "onpremises_security_identifier": "S-1-5-21-2082945442-480271342-340043625-261129",
            "onpremises_sync_enabled": true,
            "onpremises_user_principal_name": "yweijenberg@tudelft.nl",
            "other_mails": [],
            "postal_code": "",
            "preferred_language": "",
            "proxy_addresses": [
              "X500:/o=TUDelft/ou=Exchange Administrative Group (FYDIBOHF23SPDLT)/cn=Recipients/cn=Weijenberg, Y. (yweijenberg)517",
              "smtp:Y.Weijenberg@tud365.onmicrosoft.com",
              "SMTP:Y.Weijenberg@student.tudelft.nl",
              "smtp:yweijenberg@mailboxcluster.tudelft.net",
              "x500:/o=ExchangeLabs/ou=Exchange Administrative Group (FYDIBOHF23SPDLT)/cn=Recipients/cn=ad341ab274084458bbd24bc48ea1b24c-Weijenberg,",
              "smtp:yweijenberg@tudelft.nl"
            ],
            "show_in_address_list": true,
            "state": "",
            "street_address": "",
            "surname": "Weijenberg",
            "timeouts": null,
            "usage_location": "NL",
            "user_principal_name": "yweijenberg@tudelft.nl",
            "user_type": "Member"
          },
          "sensitive_attributes": []
        }
      ]
    },
    {
      "module": "module.keyvault_module",
      "mode": "data",
      "type": "azurerm_client_config",
      "name": "current",
      "provider": "provider[\"registry.terraform.io/hashicorp/azurerm\"]",
      "instances": [
        {
          "schema_version": 0,
          "attributes": {
            "client_id": "04b07795-8ddb-461a-bbee-02f9e1bf7b46",
            "id": "Y2xpZW50Q29uZmlncy9jbGllbnRJZD0wNGIwNzc5NS04ZGRiLTQ2MWEtYmJlZS0wMmY5ZTFiZjdiNDY7b2JqZWN0SWQ9NTJlYjNhZDMtNmU3OC00ODMwLWJmMGItYzg3YzRkOWMwZGY4O3N1YnNjcmlwdGlvbklkPTI2ZjcyNTY4LTE0NDQtNGQ1NS04NThmLTkxMTU1YWI4M2QzZDt0ZW5hbnRJZD0wOTZlNTI0ZC02OTI5LTQwMzAtOGNkMy04YWI0MmRlMDg4N2I=",
            "object_id": "52eb3ad3-6e78-4830-bf0b-c87c4d9c0df8",
            "subscription_id": "26f72568-1444-4d55-858f-91155ab83d3d",
            "tenant_id": "096e524d-6929-4030-8cd3-8ab42de0887b",
            "timeouts": null
          },
          "sensitive_attributes": []
        }
      ]
    },
    {
      "module": "module.keyvault_module",
      "mode": "managed",
      "type": "azurerm_key_vault",
      "name": "keyvault",
      "provider": "provider[\"registry.terraform.io/hashicorp/azurerm\"]",
      "instances": [
        {
          "schema_version": 2,
          "attributes": {
            "access_policy": [
              {
                "application_id": "",
                "certificate_permissions": [],
                "key_permissions": [],
                "object_id": "52eb3ad3-6e78-4830-bf0b-c87c4d9c0df8",
                "secret_permissions": [
                  "Delete",
                  "Get",
                  "List",
                  "Set",
                  "Purge"
                ],
                "storage_permissions": [],
                "tenant_id": "096e524d-6929-4030-8cd3-8ab42de0887b"
              },
              {
                "application_id": "",
                "certificate_permissions": [],
                "key_permissions": [],
                "object_id": "71b4f42a-d6ef-49f0-8035-050d27d2e9d0",
                "secret_permissions": [
                  "Delete",
                  "Get",
                  "List",
                  "Set",
                  "Purge"
                ],
                "storage_permissions": [],
                "tenant_id": "096e524d-6929-4030-8cd3-8ab42de0887b"
              },
              {
                "application_id": "",
                "certificate_permissions": [],
                "key_permissions": [],
                "object_id": "53645362-2065-4e86-b18b-e7e00664e07d",
                "secret_permissions": [
                  "Get",
                  "List"
                ],
                "storage_permissions": [],
                "tenant_id": "096e524d-6929-4030-8cd3-8ab42de0887b"
              }
            ],
            "contact": [],
            "enable_rbac_authorization": false,
            "enabled_for_deployment": false,
            "enabled_for_disk_encryption": false,
            "enabled_for_template_deployment": false,
            "id": "/subscriptions/26f72568-1444-4d55-858f-91155ab83d3d/resourceGroups/TrackingFlightFrequencies/providers/Microsoft.KeyVault/vaults/FlightFreq-kv",
            "location": "westeurope",
            "name": "FlightFreq-kv",
            "network_acls": [
              {
                "bypass": "AzureServices",
                "default_action": "Allow",
                "ip_rules": [],
                "virtual_network_subnet_ids": []
              }
            ],
            "public_network_access_enabled": true,
            "purge_protection_enabled": false,
            "resource_group_name": "TrackingFlightFrequencies",
            "sku_name": "standard",
            "soft_delete_retention_days": 90,
            "tags": {},
            "tenant_id": "096e524d-6929-4030-8cd3-8ab42de0887b",
            "timeouts": null,
            "vault_uri": "https://flightfreq-kv.vault.azure.net/"
          },
          "sensitive_attributes": [],
          "private": "eyJlMmJmYjczMC1lY2FhLTExZTYtOGY4OC0zNDM2M2JjN2M0YzAiOnsiY3JlYXRlIjoxODAwMDAwMDAwMDAwLCJkZWxldGUiOjE4MDAwMDAwMDAwMDAsInJlYWQiOjMwMDAwMDAwMDAwMCwidXBkYXRlIjoxODAwMDAwMDAwMDAwfSwic2NoZW1hX3ZlcnNpb24iOiIyIn0=",
          "dependencies": [
            "azurerm_resource_group.TrackingFlightFrequencies",
            "module.keyvault_module.data.azurerm_client_config.current"
          ]
        }
      ]
    },
    {
      "module": "module.keyvault_module",
      "mode": "managed",
      "type": "azurerm_key_vault_access_policy",
      "name": "user_access_policy",
      "provider": "provider[\"registry.terraform.io/hashicorp/azurerm\"]",
      "instances": [
        {
          "schema_version": 0,
          "attributes": {
            "application_id": "",
            "certificate_permissions": [],
            "id": "/subscriptions/26f72568-1444-4d55-858f-91155ab83d3d/resourceGroups/TrackingFlightFrequencies/providers/Microsoft.KeyVault/vaults/FlightFreq-kv/objectId/52eb3ad3-6e78-4830-bf0b-c87c4d9c0df8",
            "key_permissions": [],
            "key_vault_id": "/subscriptions/26f72568-1444-4d55-858f-91155ab83d3d/resourceGroups/TrackingFlightFrequencies/providers/Microsoft.KeyVault/vaults/FlightFreq-kv",
            "object_id": "52eb3ad3-6e78-4830-bf0b-c87c4d9c0df8",
            "secret_permissions": [
              "Delete",
              "Get",
              "List",
              "Set",
              "Purge"
            ],
            "storage_permissions": [],
            "tenant_id": "096e524d-6929-4030-8cd3-8ab42de0887b",
            "timeouts": null
          },
          "sensitive_attributes": [],
          "private": "eyJlMmJmYjczMC1lY2FhLTExZTYtOGY4OC0zNDM2M2JjN2M0YzAiOnsiY3JlYXRlIjoxODAwMDAwMDAwMDAwLCJkZWxldGUiOjE4MDAwMDAwMDAwMDAsInJlYWQiOjMwMDAwMDAwMDAwMCwidXBkYXRlIjoxODAwMDAwMDAwMDAwfX0=",
          "dependencies": [
            "azurerm_resource_group.TrackingFlightFrequencies",
            "module.keyvault_module.azurerm_key_vault.keyvault",
            "module.keyvault_module.data.azuread_user.my_user",
            "module.keyvault_module.data.azurerm_client_config.current"
          ]
        }
      ]
    },
    {
      "module": "module.keyvault_module",
      "mode": "managed",
      "type": "azurerm_key_vault_secret",
      "name": "keyvault_secrets",
      "provider": "provider[\"registry.terraform.io/hashicorp/azurerm\"]",
      "instances": [
        {
          "index_key": "apiKey",
          "schema_version": 0,
          "attributes": {
            "content_type": "",
            "expiration_date": null,
            "id": "https://flightfreq-kv.vault.azure.net/secrets/apiKey/09ff56af252e4126bd3a20255b90c4eb",
            "key_vault_id": "/subscriptions/26f72568-1444-4d55-858f-91155ab83d3d/resourceGroups/TrackingFlightFrequencies/providers/Microsoft.KeyVault/vaults/FlightFreq-kv",
            "name": "apiKey",
            "not_before_date": null,
            "resource_id": "/subscriptions/26f72568-1444-4d55-858f-91155ab83d3d/resourceGroups/TrackingFlightFrequencies/providers/Microsoft.KeyVault/vaults/FlightFreq-kv/secrets/apiKey/versions/09ff56af252e4126bd3a20255b90c4eb",
            "resource_versionless_id": "/subscriptions/26f72568-1444-4d55-858f-91155ab83d3d/resourceGroups/TrackingFlightFrequencies/providers/Microsoft.KeyVault/vaults/FlightFreq-kv/secrets/apiKey",
            "tags": {},
            "timeouts": null,
            "value": "d3072bb1a021d9098f4fb96064ca6b98",
            "version": "09ff56af252e4126bd3a20255b90c4eb",
            "versionless_id": "https://flightfreq-kv.vault.azure.net/secrets/apiKey"
          },
          "sensitive_attributes": [],
          "private": "eyJlMmJmYjczMC1lY2FhLTExZTYtOGY4OC0zNDM2M2JjN2M0YzAiOnsiY3JlYXRlIjoxODAwMDAwMDAwMDAwLCJkZWxldGUiOjE4MDAwMDAwMDAwMDAsInJlYWQiOjE4MDAwMDAwMDAwMDAsInVwZGF0ZSI6MTgwMDAwMDAwMDAwMH19",
          "dependencies": [
            "azurerm_resource_group.TrackingFlightFrequencies",
            "module.keyvault_module.azurerm_key_vault.keyvault",
            "module.keyvault_module.data.azurerm_client_config.current"
          ]
        },
        {
          "index_key": "containerName",
          "schema_version": 0,
          "attributes": {
            "content_type": "",
            "expiration_date": null,
            "id": "https://flightfreq-kv.vault.azure.net/secrets/containerName/3d5a6e4674684b49847f0d23ea3bcb73",
            "key_vault_id": "/subscriptions/26f72568-1444-4d55-858f-91155ab83d3d/resourceGroups/TrackingFlightFrequencies/providers/Microsoft.KeyVault/vaults/FlightFreq-kv",
            "name": "containerName",
            "not_before_date": null,
            "resource_id": "/subscriptions/26f72568-1444-4d55-858f-91155ab83d3d/resourceGroups/TrackingFlightFrequencies/providers/Microsoft.KeyVault/vaults/FlightFreq-kv/secrets/containerName/versions/3d5a6e4674684b49847f0d23ea3bcb73",
            "resource_versionless_id": "/subscriptions/26f72568-1444-4d55-858f-91155ab83d3d/resourceGroups/TrackingFlightFrequencies/providers/Microsoft.KeyVault/vaults/FlightFreq-kv/secrets/containerName",
            "tags": {},
            "timeouts": null,
            "value": "flightsfreq",
            "version": "3d5a6e4674684b49847f0d23ea3bcb73",
            "versionless_id": "https://flightfreq-kv.vault.azure.net/secrets/containerName"
          },
          "sensitive_attributes": [],
          "private": "eyJlMmJmYjczMC1lY2FhLTExZTYtOGY4OC0zNDM2M2JjN2M0YzAiOnsiY3JlYXRlIjoxODAwMDAwMDAwMDAwLCJkZWxldGUiOjE4MDAwMDAwMDAwMDAsInJlYWQiOjE4MDAwMDAwMDAwMDAsInVwZGF0ZSI6MTgwMDAwMDAwMDAwMH19",
          "dependencies": [
            "azurerm_resource_group.TrackingFlightFrequencies",
            "module.keyvault_module.azurerm_key_vault.keyvault",
            "module.keyvault_module.data.azurerm_client_config.current"
          ]
        },
        {
          "index_key": "gitPat",
          "schema_version": 0,
          "attributes": {
            "content_type": "",
            "expiration_date": null,
            "id": "https://flightfreq-kv.vault.azure.net/secrets/gitPat/7b8f5a2b3c5143e4a2d79ea49f3a700e",
            "key_vault_id": "/subscriptions/26f72568-1444-4d55-858f-91155ab83d3d/resourceGroups/TrackingFlightFrequencies/providers/Microsoft.KeyVault/vaults/FlightFreq-kv",
            "name": "gitPat",
            "not_before_date": null,
            "resource_id": "/subscriptions/26f72568-1444-4d55-858f-91155ab83d3d/resourceGroups/TrackingFlightFrequencies/providers/Microsoft.KeyVault/vaults/FlightFreq-kv/secrets/gitPat/versions/7b8f5a2b3c5143e4a2d79ea49f3a700e",
            "resource_versionless_id": "/subscriptions/26f72568-1444-4d55-858f-91155ab83d3d/resourceGroups/TrackingFlightFrequencies/providers/Microsoft.KeyVault/vaults/FlightFreq-kv/secrets/gitPat",
            "tags": {},
            "timeouts": null,
            "value": "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",
            "version": "7b8f5a2b3c5143e4a2d79ea49f3a700e",
            "versionless_id": "https://flightfreq-kv.vault.azure.net/secrets/gitPat"
          },
          "sensitive_attributes": [],
          "private": "eyJlMmJmYjczMC1lY2FhLTExZTYtOGY4OC0zNDM2M2JjN2M0YzAiOnsiY3JlYXRlIjoxODAwMDAwMDAwMDAwLCJkZWxldGUiOjE4MDAwMDAwMDAwMDAsInJlYWQiOjE4MDAwMDAwMDAwMDAsInVwZGF0ZSI6MTgwMDAwMDAwMDAwMH19",
          "dependencies": [
            "azurerm_resource_group.TrackingFlightFrequencies",
            "module.keyvault_module.azurerm_key_vault.keyvault",
            "module.keyvault_module.data.azurerm_client_config.current"
          ]
        },
        {
          "index_key": "gitUserName",
          "schema_version": 0,
          "attributes": {
            "content_type": "",
            "expiration_date": null,
            "id": "https://flightfreq-kv.vault.azure.net/secrets/gitUserName/c0215191a64c47a8bce853b2927bf8c0",
            "key_vault_id": "/subscriptions/26f72568-1444-4d55-858f-91155ab83d3d/resourceGroups/TrackingFlightFrequencies/providers/Microsoft.KeyVault/vaults/FlightFreq-kv",
            "name": "gitUserName",
            "not_before_date": null,
            "resource_id": "/subscriptions/26f72568-1444-4d55-858f-91155ab83d3d/resourceGroups/TrackingFlightFrequencies/providers/Microsoft.KeyVault/vaults/FlightFreq-kv/secrets/gitUserName/versions/c0215191a64c47a8bce853b2927bf8c0",
            "resource_versionless_id": "/subscriptions/26f72568-1444-4d55-858f-91155ab83d3d/resourceGroups/TrackingFlightFrequencies/providers/Microsoft.KeyVault/vaults/FlightFreq-kv/secrets/gitUserName",
            "tags": {},
            "timeouts": null,
            "value": "YWeijenberg",
            "version": "c0215191a64c47a8bce853b2927bf8c0",
            "versionless_id": "https://flightfreq-kv.vault.azure.net/secrets/gitUserName"
          },
          "sensitive_attributes": [],
          "private": "eyJlMmJmYjczMC1lY2FhLTExZTYtOGY4OC0zNDM2M2JjN2M0YzAiOnsiY3JlYXRlIjoxODAwMDAwMDAwMDAwLCJkZWxldGUiOjE4MDAwMDAwMDAwMDAsInJlYWQiOjE4MDAwMDAwMDAwMDAsInVwZGF0ZSI6MTgwMDAwMDAwMDAwMH19",
          "dependencies": [
            "azurerm_resource_group.TrackingFlightFrequencies",
            "module.keyvault_module.azurerm_key_vault.keyvault",
            "module.keyvault_module.data.azurerm_client_config.current"
          ]
        },
        {
          "index_key": "rgName",
          "schema_version": 0,
          "attributes": {
            "content_type": "",
            "expiration_date": null,
            "id": "https://flightfreq-kv.vault.azure.net/secrets/rgName/32ada75ea5674ae3aaff710f788b21e1",
            "key_vault_id": "/subscriptions/26f72568-1444-4d55-858f-91155ab83d3d/resourceGroups/TrackingFlightFrequencies/providers/Microsoft.KeyVault/vaults/FlightFreq-kv",
            "name": "rgName",
            "not_before_date": null,
            "resource_id": "/subscriptions/26f72568-1444-4d55-858f-91155ab83d3d/resourceGroups/TrackingFlightFrequencies/providers/Microsoft.KeyVault/vaults/FlightFreq-kv/secrets/rgName/versions/32ada75ea5674ae3aaff710f788b21e1",
            "resource_versionless_id": "/subscriptions/26f72568-1444-4d55-858f-91155ab83d3d/resourceGroups/TrackingFlightFrequencies/providers/Microsoft.KeyVault/vaults/FlightFreq-kv/secrets/rgName",
            "tags": {},
            "timeouts": null,
            "value": "TrackingFlightFrequencies",
            "version": "32ada75ea5674ae3aaff710f788b21e1",
            "versionless_id": "https://flightfreq-kv.vault.azure.net/secrets/rgName"
          },
          "sensitive_attributes": [],
          "private": "eyJlMmJmYjczMC1lY2FhLTExZTYtOGY4OC0zNDM2M2JjN2M0YzAiOnsiY3JlYXRlIjoxODAwMDAwMDAwMDAwLCJkZWxldGUiOjE4MDAwMDAwMDAwMDAsInJlYWQiOjE4MDAwMDAwMDAwMDAsInVwZGF0ZSI6MTgwMDAwMDAwMDAwMH19",
          "dependencies": [
            "azurerm_resource_group.TrackingFlightFrequencies",
            "module.keyvault_module.azurerm_key_vault.keyvault",
            "module.keyvault_module.data.azurerm_client_config.current"
          ]
        },
        {
          "index_key": "storageAccountName",
          "schema_version": 0,
          "attributes": {
            "content_type": "",
            "expiration_date": null,
            "id": "https://flightfreq-kv.vault.azure.net/secrets/storageAccountName/510a6139657b4dbeaa11c98b0b78417f",
            "key_vault_id": "/subscriptions/26f72568-1444-4d55-858f-91155ab83d3d/resourceGroups/TrackingFlightFrequencies/providers/Microsoft.KeyVault/vaults/FlightFreq-kv",
            "name": "storageAccountName",
            "not_before_date": null,
            "resource_id": "/subscriptions/26f72568-1444-4d55-858f-91155ab83d3d/resourceGroups/TrackingFlightFrequencies/providers/Microsoft.KeyVault/vaults/FlightFreq-kv/secrets/storageAccountName/versions/510a6139657b4dbeaa11c98b0b78417f",
            "resource_versionless_id": "/subscriptions/26f72568-1444-4d55-858f-91155ab83d3d/resourceGroups/TrackingFlightFrequencies/providers/Microsoft.KeyVault/vaults/FlightFreq-kv/secrets/storageAccountName",
            "tags": {},
            "timeouts": null,
            "value": "flightfreqstgacc9724",
            "version": "510a6139657b4dbeaa11c98b0b78417f",
            "versionless_id": "https://flightfreq-kv.vault.azure.net/secrets/storageAccountName"
          },
          "sensitive_attributes": [],
          "private": "eyJlMmJmYjczMC1lY2FhLTExZTYtOGY4OC0zNDM2M2JjN2M0YzAiOnsiY3JlYXRlIjoxODAwMDAwMDAwMDAwLCJkZWxldGUiOjE4MDAwMDAwMDAwMDAsInJlYWQiOjE4MDAwMDAwMDAwMDAsInVwZGF0ZSI6MTgwMDAwMDAwMDAwMH19",
          "dependencies": [
            "azurerm_resource_group.TrackingFlightFrequencies",
            "module.keyvault_module.azurerm_key_vault.keyvault",
            "module.keyvault_module.data.azurerm_client_config.current"
          ]
        },
        {
          "index_key": "urlRepository",
          "schema_version": 0,
          "attributes": {
            "content_type": "",
            "expiration_date": null,
            "id": "https://flightfreq-kv.vault.azure.net/secrets/urlRepository/d8c3d00a56cf4d4b8b391fe28850a889",
            "key_vault_id": "/subscriptions/26f72568-1444-4d55-858f-91155ab83d3d/resourceGroups/TrackingFlightFrequencies/providers/Microsoft.KeyVault/vaults/FlightFreq-kv",
            "name": "urlRepository",
            "not_before_date": null,
            "resource_id": "/subscriptions/26f72568-1444-4d55-858f-91155ab83d3d/resourceGroups/TrackingFlightFrequencies/providers/Microsoft.KeyVault/vaults/FlightFreq-kv/secrets/urlRepository/versions/d8c3d00a56cf4d4b8b391fe28850a889",
            "resource_versionless_id": "/subscriptions/26f72568-1444-4d55-858f-91155ab83d3d/resourceGroups/TrackingFlightFrequencies/providers/Microsoft.KeyVault/vaults/FlightFreq-kv/secrets/urlRepository",
            "tags": {},
            "timeouts": null,
            "value": "https://github.com/YWeijenberg/TrackingFlightFrequencies.git",
            "version": "d8c3d00a56cf4d4b8b391fe28850a889",
            "versionless_id": "https://flightfreq-kv.vault.azure.net/secrets/urlRepository"
          },
          "sensitive_attributes": [],
          "private": "eyJlMmJmYjczMC1lY2FhLTExZTYtOGY4OC0zNDM2M2JjN2M0YzAiOnsiY3JlYXRlIjoxODAwMDAwMDAwMDAwLCJkZWxldGUiOjE4MDAwMDAwMDAwMDAsInJlYWQiOjE4MDAwMDAwMDAwMDAsInVwZGF0ZSI6MTgwMDAwMDAwMDAwMH19",
          "dependencies": [
            "azurerm_resource_group.TrackingFlightFrequencies",
            "module.keyvault_module.azurerm_key_vault.keyvault",
            "module.keyvault_module.data.azurerm_client_config.current"
          ]
        }
      ]
    },
    {
      "module": "module.keyvault_module",
      "mode": "managed",
      "type": "azurerm_key_vault_secret",
      "name": "storage_sas",
      "provider": "provider[\"registry.terraform.io/hashicorp/azurerm\"]",
      "instances": [
        {
          "schema_version": 0,
          "attributes": {
            "content_type": "",
            "expiration_date": null,
            "id": "https://flightfreq-kv.vault.azure.net/secrets/storageSas/d8d0dd3296014da6b97fe769d7b05b02",
            "key_vault_id": "/subscriptions/26f72568-1444-4d55-858f-91155ab83d3d/resourceGroups/TrackingFlightFrequencies/providers/Microsoft.KeyVault/vaults/FlightFreq-kv",
            "name": "storageSas",
            "not_before_date": null,
            "resource_id": "/subscriptions/26f72568-1444-4d55-858f-91155ab83d3d/resourceGroups/TrackingFlightFrequencies/providers/Microsoft.KeyVault/vaults/FlightFreq-kv/secrets/storageSas/versions/d8d0dd3296014da6b97fe769d7b05b02",
            "resource_versionless_id": "/subscriptions/26f72568-1444-4d55-858f-91155ab83d3d/resourceGroups/TrackingFlightFrequencies/providers/Microsoft.KeyVault/vaults/FlightFreq-kv/secrets/storageSas",
            "tags": {},
            "timeouts": null,
            "value": "?sv=2017-07-29\u0026ss=b\u0026srt=co\u0026sp=rwlc\u0026se=2024-03-01T14:00:00Z\u0026st=2024-01-25T12:00:00Z\u0026spr=https\u0026sig=MmGQAKPnpJa06%2BYn47cd2LXR6tix0qIpAxNG16EupRU%3D",
            "version": "d8d0dd3296014da6b97fe769d7b05b02",
            "versionless_id": "https://flightfreq-kv.vault.azure.net/secrets/storageSas"
          },
          "sensitive_attributes": [
            [
              {
                "type": "get_attr",
                "value": "value"
              }
            ]
          ],
          "private": "eyJlMmJmYjczMC1lY2FhLTExZTYtOGY4OC0zNDM2M2JjN2M0YzAiOnsiY3JlYXRlIjoxODAwMDAwMDAwMDAwLCJkZWxldGUiOjE4MDAwMDAwMDAwMDAsInJlYWQiOjE4MDAwMDAwMDAwMDAsInVwZGF0ZSI6MTgwMDAwMDAwMDAwMH19",
          "dependencies": [
            "azurerm_resource_group.TrackingFlightFrequencies",
            "module.keyvault_module.azurerm_key_vault.keyvault",
            "module.keyvault_module.data.azurerm_client_config.current",
            "module.storage_module.azurerm_storage_account.stgacc",
            "module.storage_module.data.azurerm_storage_account_sas.sas_token",
            "module.vnet_module.azurerm_subnet.private-subnet",
            "module.vnet_module.azurerm_subnet.public-subnet",
            "module.vnet_module.azurerm_virtual_network.vnet1"
          ]
        }
      ]
    },
    {
      "module": "module.storage_module",
      "mode": "data",
      "type": "azurerm_storage_account_sas",
      "name": "sas_token",
      "provider": "provider[\"registry.terraform.io/hashicorp/azurerm\"]",
      "instances": [
        {
          "schema_version": 0,
          "attributes": {
            "connection_string": "DefaultEndpointsProtocol=https;AccountName=flightfreqstgacc9724;AccountKey=ri7T2ZU43+Z74y26jE1touW/S5sW9gq3T8S56y0LJKk6gWmHSqDF+DKS8PHlsp3oa6ZECTdv4t1k+ASt/7AliQ==;EndpointSuffix=core.windows.net",
            "expiry": "2024-03-01T14:00:00Z",
            "https_only": true,
            "id": "f6d74f0c208b257c6cc6d255025972c7110b087e1f785482edfd83bd8204d7a2",
            "ip_addresses": null,
            "permissions": [
              {
                "add": false,
                "create": true,
                "delete": false,
                "filter": false,
                "list": true,
                "process": false,
                "read": true,
                "tag": false,
                "update": false,
                "write": true
              }
            ],
            "resource_types": [
              {
                "container": true,
                "object": true,
                "service": false
              }
            ],
            "sas": "?sv=2017-07-29\u0026ss=b\u0026srt=co\u0026sp=rwlc\u0026se=2024-03-01T14:00:00Z\u0026st=2024-01-25T12:00:00Z\u0026spr=https\u0026sig=MmGQAKPnpJa06%2BYn47cd2LXR6tix0qIpAxNG16EupRU%3D",
            "services": [
              {
                "blob": true,
                "file": false,
                "queue": false,
                "table": false
              }
            ],
            "signed_version": "2017-07-29",
            "start": "2024-01-25T12:00:00Z",
            "timeouts": null
          },
          "sensitive_attributes": [
            [
              {
                "type": "get_attr",
                "value": "connection_string"
              }
            ]
          ]
        }
      ]
    },
    {
      "module": "module.storage_module",
      "mode": "managed",
      "type": "azurerm_storage_account",
      "name": "stgacc",
      "provider": "provider[\"registry.terraform.io/hashicorp/azurerm\"]",
      "instances": [
        {
          "schema_version": 4,
          "attributes": {
            "access_tier": "Hot",
            "account_kind": "StorageV2",
            "account_replication_type": "LRS",
            "account_tier": "Standard",
            "allow_nested_items_to_be_public": true,
            "allowed_copy_scope": "",
            "azure_files_authentication": [],
            "blob_properties": [
              {
                "change_feed_enabled": false,
                "change_feed_retention_in_days": 0,
                "container_delete_retention_policy": [],
                "cors_rule": [],
                "default_service_version": "",
                "delete_retention_policy": [],
                "last_access_time_enabled": false,
                "restore_policy": [],
                "versioning_enabled": false
              }
            ],
            "cross_tenant_replication_enabled": true,
            "custom_domain": [],
            "customer_managed_key": [],
            "default_to_oauth_authentication": false,
            "edge_zone": "",
            "enable_https_traffic_only": true,
            "id": "/subscriptions/26f72568-1444-4d55-858f-91155ab83d3d/resourceGroups/TrackingFlightFrequencies/providers/Microsoft.Storage/storageAccounts/flightfreqstgacc9724",
            "identity": [],
            "immutability_policy": [],
            "infrastructure_encryption_enabled": false,
            "is_hns_enabled": true,
            "large_file_share_enabled": null,
            "location": "westeurope",
            "min_tls_version": "TLS1_2",
            "name": "flightfreqstgacc9724",
            "network_rules": [
              {
                "bypass": [
                  "AzureServices"
                ],
                "default_action": "Deny",
                "ip_rules": [
                  "86.93.214.113"
                ],
                "private_link_access": [],
                "virtual_network_subnet_ids": [
                  "/subscriptions/26f72568-1444-4d55-858f-91155ab83d3d/resourceGroups/TrackingFlightFrequencies/providers/Microsoft.Network/virtualNetworks/vnet1/subnets/private-subnet",
                  "/subscriptions/26f72568-1444-4d55-858f-91155ab83d3d/resourceGroups/TrackingFlightFrequencies/providers/Microsoft.Network/virtualNetworks/vnet1/subnets/public-subnet"
                ]
              }
            ],
            "nfsv3_enabled": false,
            "primary_access_key": "ri7T2ZU43+Z74y26jE1touW/S5sW9gq3T8S56y0LJKk6gWmHSqDF+DKS8PHlsp3oa6ZECTdv4t1k+ASt/7AliQ==",
            "primary_blob_connection_string": "DefaultEndpointsProtocol=https;BlobEndpoint=https://flightfreqstgacc9724.blob.core.windows.net/;AccountName=flightfreqstgacc9724;AccountKey=ri7T2ZU43+Z74y26jE1touW/S5sW9gq3T8S56y0LJKk6gWmHSqDF+DKS8PHlsp3oa6ZECTdv4t1k+ASt/7AliQ==",
            "primary_blob_endpoint": "https://flightfreqstgacc9724.blob.core.windows.net/",
            "primary_blob_host": "flightfreqstgacc9724.blob.core.windows.net",
            "primary_blob_internet_endpoint": null,
            "primary_blob_internet_host": null,
            "primary_blob_microsoft_endpoint": null,
            "primary_blob_microsoft_host": null,
            "primary_connection_string": "DefaultEndpointsProtocol=https;AccountName=flightfreqstgacc9724;AccountKey=ri7T2ZU43+Z74y26jE1touW/S5sW9gq3T8S56y0LJKk6gWmHSqDF+DKS8PHlsp3oa6ZECTdv4t1k+ASt/7AliQ==;EndpointSuffix=core.windows.net",
            "primary_dfs_endpoint": "https://flightfreqstgacc9724.dfs.core.windows.net/",
            "primary_dfs_host": "flightfreqstgacc9724.dfs.core.windows.net",
            "primary_dfs_internet_endpoint": null,
            "primary_dfs_internet_host": null,
            "primary_dfs_microsoft_endpoint": null,
            "primary_dfs_microsoft_host": null,
            "primary_file_endpoint": "https://flightfreqstgacc9724.file.core.windows.net/",
            "primary_file_host": "flightfreqstgacc9724.file.core.windows.net",
            "primary_file_internet_endpoint": null,
            "primary_file_internet_host": null,
            "primary_file_microsoft_endpoint": null,
            "primary_file_microsoft_host": null,
            "primary_location": "westeurope",
            "primary_queue_endpoint": "https://flightfreqstgacc9724.queue.core.windows.net/",
            "primary_queue_host": "flightfreqstgacc9724.queue.core.windows.net",
            "primary_queue_microsoft_endpoint": null,
            "primary_queue_microsoft_host": null,
            "primary_table_endpoint": "https://flightfreqstgacc9724.table.core.windows.net/",
            "primary_table_host": "flightfreqstgacc9724.table.core.windows.net",
            "primary_table_microsoft_endpoint": null,
            "primary_table_microsoft_host": null,
            "primary_web_endpoint": "https://flightfreqstgacc9724.z6.web.core.windows.net/",
            "primary_web_host": "flightfreqstgacc9724.z6.web.core.windows.net",
            "primary_web_internet_endpoint": null,
            "primary_web_internet_host": null,
            "primary_web_microsoft_endpoint": null,
            "primary_web_microsoft_host": null,
            "public_network_access_enabled": true,
            "queue_encryption_key_type": "Service",
            "queue_properties": [
              {
                "cors_rule": [],
                "hour_metrics": [
                  {
                    "enabled": true,
                    "include_apis": true,
                    "retention_policy_days": 7,
                    "version": "1.0"
                  }
                ],
                "logging": [
                  {
                    "delete": false,
                    "read": false,
                    "retention_policy_days": 0,
                    "version": "1.0",
                    "write": false
                  }
                ],
                "minute_metrics": [
                  {
                    "enabled": false,
                    "include_apis": false,
                    "retention_policy_days": 0,
                    "version": "1.0"
                  }
                ]
              }
            ],
            "resource_group_name": "TrackingFlightFrequencies",
            "routing": [],
            "sas_policy": [],
            "secondary_access_key": "70ksLuhYIJQPqBbqFzuhofUKmFqhSZNIPTwAHBTDyP7028PNQNjAeDZY58a6bqDjQnOrkXJciV0f+AStqnVEJA==",
            "secondary_blob_connection_string": "",
            "secondary_blob_endpoint": null,
            "secondary_blob_host": null,
            "secondary_blob_internet_endpoint": null,
            "secondary_blob_internet_host": null,
            "secondary_blob_microsoft_endpoint": null,
            "secondary_blob_microsoft_host": null,
            "secondary_connection_string": "DefaultEndpointsProtocol=https;AccountName=flightfreqstgacc9724;AccountKey=70ksLuhYIJQPqBbqFzuhofUKmFqhSZNIPTwAHBTDyP7028PNQNjAeDZY58a6bqDjQnOrkXJciV0f+AStqnVEJA==;EndpointSuffix=core.windows.net",
            "secondary_dfs_endpoint": null,
            "secondary_dfs_host": null,
            "secondary_dfs_internet_endpoint": null,
            "secondary_dfs_internet_host": null,
            "secondary_dfs_microsoft_endpoint": null,
            "secondary_dfs_microsoft_host": null,
            "secondary_file_endpoint": null,
            "secondary_file_host": null,
            "secondary_file_internet_endpoint": null,
            "secondary_file_internet_host": null,
            "secondary_file_microsoft_endpoint": null,
            "secondary_file_microsoft_host": null,
            "secondary_location": "",
            "secondary_queue_endpoint": null,
            "secondary_queue_host": null,
            "secondary_queue_microsoft_endpoint": null,
            "secondary_queue_microsoft_host": null,
            "secondary_table_endpoint": null,
            "secondary_table_host": null,
            "secondary_table_microsoft_endpoint": null,
            "secondary_table_microsoft_host": null,
            "secondary_web_endpoint": null,
            "secondary_web_host": null,
            "secondary_web_internet_endpoint": null,
            "secondary_web_internet_host": null,
            "secondary_web_microsoft_endpoint": null,
            "secondary_web_microsoft_host": null,
            "sftp_enabled": false,
            "share_properties": [
              {
                "cors_rule": [],
                "retention_policy": [
                  {
                    "days": 7
                  }
                ],
                "smb": []
              }
            ],
            "shared_access_key_enabled": true,
            "static_website": [],
            "table_encryption_key_type": "Service",
            "tags": {},
            "timeouts": null
          },
          "sensitive_attributes": [],
          "private": "eyJlMmJmYjczMC1lY2FhLTExZTYtOGY4OC0zNDM2M2JjN2M0YzAiOnsiY3JlYXRlIjozNjAwMDAwMDAwMDAwLCJkZWxldGUiOjM2MDAwMDAwMDAwMDAsInJlYWQiOjMwMDAwMDAwMDAwMCwidXBkYXRlIjozNjAwMDAwMDAwMDAwfSwic2NoZW1hX3ZlcnNpb24iOiI0In0=",
          "dependencies": [
            "azurerm_resource_group.TrackingFlightFrequencies",
            "module.vnet_module.azurerm_subnet.private-subnet",
            "module.vnet_module.azurerm_subnet.public-subnet",
            "module.vnet_module.azurerm_virtual_network.vnet1"
          ]
        }
      ]
    },
    {
      "module": "module.storage_module",
      "mode": "managed",
      "type": "azurerm_storage_container",
      "name": "adls",
      "provider": "provider[\"registry.terraform.io/hashicorp/azurerm\"]",
      "instances": [
        {
          "schema_version": 1,
          "attributes": {
            "container_access_type": "private",
            "has_immutability_policy": false,
            "has_legal_hold": false,
            "id": "https://flightfreqstgacc9724.blob.core.windows.net/flightfreq",
            "metadata": {},
            "name": "flightfreq",
            "resource_manager_id": "/subscriptions/26f72568-1444-4d55-858f-91155ab83d3d/resourceGroups/TrackingFlightFrequencies/providers/Microsoft.Storage/storageAccounts/flightfreqstgacc9724/blobServices/default/containers/flightfreq",
            "storage_account_name": "flightfreqstgacc9724",
            "timeouts": null
          },
          "sensitive_attributes": [],
          "private": "eyJlMmJmYjczMC1lY2FhLTExZTYtOGY4OC0zNDM2M2JjN2M0YzAiOnsiY3JlYXRlIjoxODAwMDAwMDAwMDAwLCJkZWxldGUiOjE4MDAwMDAwMDAwMDAsInJlYWQiOjMwMDAwMDAwMDAwMCwidXBkYXRlIjoxODAwMDAwMDAwMDAwfSwic2NoZW1hX3ZlcnNpb24iOiIxIn0=",
          "dependencies": [
            "azurerm_resource_group.TrackingFlightFrequencies",
            "module.storage_module.azurerm_storage_account.stgacc",
            "module.vnet_module.azurerm_subnet.private-subnet",
            "module.vnet_module.azurerm_subnet.public-subnet",
            "module.vnet_module.azurerm_virtual_network.vnet1"
          ]
        }
      ]
    },
    {
      "module": "module.vnet_module",
      "mode": "managed",
      "type": "azurerm_network_security_group",
      "name": "security_group",
      "provider": "provider[\"registry.terraform.io/hashicorp/azurerm\"]",
      "instances": [
        {
          "schema_version": 0,
          "attributes": {
            "id": "/subscriptions/26f72568-1444-4d55-858f-91155ab83d3d/resourceGroups/TrackingFlightFrequencies/providers/Microsoft.Network/networkSecurityGroups/TrackingFlightFrequencies-nsg",
            "location": "westeurope",
            "name": "TrackingFlightFrequencies-nsg",
            "resource_group_name": "TrackingFlightFrequencies",
            "security_rule": [
              {
                "access": "Allow",
                "description": "Required for worker communication with Azure Eventhub services.",
                "destination_address_prefix": "EventHub",
                "destination_address_prefixes": [],
                "destination_application_security_group_ids": [],
                "destination_port_range": "9093",
                "destination_port_ranges": [],
                "direction": "Outbound",
                "name": "Microsoft.Databricks-workspaces_UseOnly_databricks-worker-to-eventhub",
                "priority": 104,
                "protocol": "Tcp",
                "source_address_prefix": "VirtualNetwork",
                "source_address_prefixes": [],
                "source_application_security_group_ids": [],
                "source_port_range": "*",
                "source_port_ranges": []
              },
              {
                "access": "Allow",
                "description": "Required for worker nodes communication within a cluster.",
                "destination_address_prefix": "VirtualNetwork",
                "destination_address_prefixes": [],
                "destination_application_security_group_ids": [],
                "destination_port_range": "*",
                "destination_port_ranges": [],
                "direction": "Inbound",
                "name": "Microsoft.Databricks-workspaces_UseOnly_databricks-worker-to-worker-inbound",
                "priority": 100,
                "protocol": "*",
                "source_address_prefix": "VirtualNetwork",
                "source_address_prefixes": [],
                "source_application_security_group_ids": [],
                "source_port_range": "*",
                "source_port_ranges": []
              },
              {
                "access": "Allow",
                "description": "Required for worker nodes communication within a cluster.",
                "destination_address_prefix": "VirtualNetwork",
                "destination_address_prefixes": [],
                "destination_application_security_group_ids": [],
                "destination_port_range": "*",
                "destination_port_ranges": [],
                "direction": "Outbound",
                "name": "Microsoft.Databricks-workspaces_UseOnly_databricks-worker-to-worker-outbound",
                "priority": 103,
                "protocol": "*",
                "source_address_prefix": "VirtualNetwork",
                "source_address_prefixes": [],
                "source_application_security_group_ids": [],
                "source_port_range": "*",
                "source_port_ranges": []
              },
              {
                "access": "Allow",
                "description": "Required for workers communication with Azure SQL services.",
                "destination_address_prefix": "Sql",
                "destination_address_prefixes": [],
                "destination_application_security_group_ids": [],
                "destination_port_range": "3306",
                "destination_port_ranges": [],
                "direction": "Outbound",
                "name": "Microsoft.Databricks-workspaces_UseOnly_databricks-worker-to-sql",
                "priority": 101,
                "protocol": "Tcp",
                "source_address_prefix": "VirtualNetwork",
                "source_address_prefixes": [],
                "source_application_security_group_ids": [],
                "source_port_range": "*",
                "source_port_ranges": []
              },
              {
                "access": "Allow",
                "description": "Required for workers communication with Azure Storage services.",
                "destination_address_prefix": "Storage",
                "destination_address_prefixes": [],
                "destination_application_security_group_ids": [],
                "destination_port_range": "443",
                "destination_port_ranges": [],
                "direction": "Outbound",
                "name": "Microsoft.Databricks-workspaces_UseOnly_databricks-worker-to-storage",
                "priority": 102,
                "protocol": "Tcp",
                "source_address_prefix": "VirtualNetwork",
                "source_address_prefixes": [],
                "source_application_security_group_ids": [],
                "source_port_range": "*",
                "source_port_ranges": []
              },
              {
                "access": "Allow",
                "description": "Required for workers communication with Databricks Webapp.",
                "destination_address_prefix": "AzureDatabricks",
                "destination_address_prefixes": [],
                "destination_application_security_group_ids": [],
                "destination_port_range": "443",
                "destination_port_ranges": [],
                "direction": "Outbound",
                "name": "Microsoft.Databricks-workspaces_UseOnly_databricks-worker-to-databricks-webapp",
                "priority": 100,
                "protocol": "Tcp",
                "source_address_prefix": "VirtualNetwork",
                "source_address_prefixes": [],
                "source_application_security_group_ids": [],
                "source_port_range": "*",
                "source_port_ranges": []
              }
            ],
            "tags": {},
            "timeouts": null
          },
          "sensitive_attributes": [],
          "private": "eyJlMmJmYjczMC1lY2FhLTExZTYtOGY4OC0zNDM2M2JjN2M0YzAiOnsiY3JlYXRlIjoxODAwMDAwMDAwMDAwLCJkZWxldGUiOjE4MDAwMDAwMDAwMDAsInJlYWQiOjMwMDAwMDAwMDAwMCwidXBkYXRlIjoxODAwMDAwMDAwMDAwfX0=",
          "dependencies": [
            "azurerm_resource_group.TrackingFlightFrequencies"
          ]
        }
      ]
    },
    {
      "module": "module.vnet_module",
      "mode": "managed",
      "type": "azurerm_subnet",
      "name": "private-subnet",
      "provider": "provider[\"registry.terraform.io/hashicorp/azurerm\"]",
      "instances": [
        {
          "schema_version": 0,
          "attributes": {
            "address_prefixes": [
              "10.179.0.0/18"
            ],
            "delegation": [
              {
                "name": "private_delegation_databricks",
                "service_delegation": [
                  {
                    "actions": [
                      "Microsoft.Network/virtualNetworks/subnets/join/action",
                      "Microsoft.Network/virtualNetworks/subnets/prepareNetworkPolicies/action",
                      "Microsoft.Network/virtualNetworks/subnets/unprepareNetworkPolicies/action"
                    ],
                    "name": "Microsoft.Databricks/workspaces"
                  }
                ]
              }
            ],
            "enforce_private_link_endpoint_network_policies": false,
            "enforce_private_link_service_network_policies": false,
            "id": "/subscriptions/26f72568-1444-4d55-858f-91155ab83d3d/resourceGroups/TrackingFlightFrequencies/providers/Microsoft.Network/virtualNetworks/vnet1/subnets/private-subnet",
            "name": "private-subnet",
            "private_endpoint_network_policies_enabled": true,
            "private_link_service_network_policies_enabled": true,
            "resource_group_name": "TrackingFlightFrequencies",
            "service_endpoint_policy_ids": [],
            "service_endpoints": [
              "Microsoft.KeyVault",
              "Microsoft.Storage"
            ],
            "timeouts": null,
            "virtual_network_name": "vnet1"
          },
          "sensitive_attributes": [],
          "private": "eyJlMmJmYjczMC1lY2FhLTExZTYtOGY4OC0zNDM2M2JjN2M0YzAiOnsiY3JlYXRlIjoxODAwMDAwMDAwMDAwLCJkZWxldGUiOjE4MDAwMDAwMDAwMDAsInJlYWQiOjMwMDAwMDAwMDAwMCwidXBkYXRlIjoxODAwMDAwMDAwMDAwfX0=",
          "dependencies": [
            "azurerm_resource_group.TrackingFlightFrequencies",
            "module.vnet_module.azurerm_virtual_network.vnet1"
          ]
        }
      ]
    },
    {
      "module": "module.vnet_module",
      "mode": "managed",
      "type": "azurerm_subnet",
      "name": "public-subnet",
      "provider": "provider[\"registry.terraform.io/hashicorp/azurerm\"]",
      "instances": [
        {
          "schema_version": 0,
          "attributes": {
            "address_prefixes": [
              "10.179.64.0/18"
            ],
            "delegation": [
              {
                "name": "public_delegation_databricks",
                "service_delegation": [
                  {
                    "actions": [
                      "Microsoft.Network/virtualNetworks/subnets/join/action",
                      "Microsoft.Network/virtualNetworks/subnets/prepareNetworkPolicies/action",
                      "Microsoft.Network/virtualNetworks/subnets/unprepareNetworkPolicies/action"
                    ],
                    "name": "Microsoft.Databricks/workspaces"
                  }
                ]
              }
            ],
            "enforce_private_link_endpoint_network_policies": false,
            "enforce_private_link_service_network_policies": false,
            "id": "/subscriptions/26f72568-1444-4d55-858f-91155ab83d3d/resourceGroups/TrackingFlightFrequencies/providers/Microsoft.Network/virtualNetworks/vnet1/subnets/public-subnet",
            "name": "public-subnet",
            "private_endpoint_network_policies_enabled": true,
            "private_link_service_network_policies_enabled": true,
            "resource_group_name": "TrackingFlightFrequencies",
            "service_endpoint_policy_ids": [],
            "service_endpoints": [
              "Microsoft.KeyVault",
              "Microsoft.Storage"
            ],
            "timeouts": null,
            "virtual_network_name": "vnet1"
          },
          "sensitive_attributes": [],
          "private": "eyJlMmJmYjczMC1lY2FhLTExZTYtOGY4OC0zNDM2M2JjN2M0YzAiOnsiY3JlYXRlIjoxODAwMDAwMDAwMDAwLCJkZWxldGUiOjE4MDAwMDAwMDAwMDAsInJlYWQiOjMwMDAwMDAwMDAwMCwidXBkYXRlIjoxODAwMDAwMDAwMDAwfX0=",
          "dependencies": [
            "azurerm_resource_group.TrackingFlightFrequencies",
            "module.vnet_module.azurerm_virtual_network.vnet1"
          ]
        }
      ]
    },
    {
      "module": "module.vnet_module",
      "mode": "managed",
      "type": "azurerm_subnet_network_security_group_association",
      "name": "private_subnet_association",
      "provider": "provider[\"registry.terraform.io/hashicorp/azurerm\"]",
      "instances": [
        {
          "schema_version": 0,
          "attributes": {
            "id": "/subscriptions/26f72568-1444-4d55-858f-91155ab83d3d/resourceGroups/TrackingFlightFrequencies/providers/Microsoft.Network/virtualNetworks/vnet1/subnets/private-subnet",
            "network_security_group_id": "/subscriptions/26f72568-1444-4d55-858f-91155ab83d3d/resourceGroups/TrackingFlightFrequencies/providers/Microsoft.Network/networkSecurityGroups/TrackingFlightFrequencies-nsg",
            "subnet_id": "/subscriptions/26f72568-1444-4d55-858f-91155ab83d3d/resourceGroups/TrackingFlightFrequencies/providers/Microsoft.Network/virtualNetworks/vnet1/subnets/private-subnet",
            "timeouts": null
          },
          "sensitive_attributes": [],
          "private": "eyJlMmJmYjczMC1lY2FhLTExZTYtOGY4OC0zNDM2M2JjN2M0YzAiOnsiY3JlYXRlIjoxODAwMDAwMDAwMDAwLCJkZWxldGUiOjE4MDAwMDAwMDAwMDAsInJlYWQiOjMwMDAwMDAwMDAwMH19",
          "dependencies": [
            "azurerm_resource_group.TrackingFlightFrequencies",
            "module.vnet_module.azurerm_network_security_group.security_group",
            "module.vnet_module.azurerm_subnet.private-subnet",
            "module.vnet_module.azurerm_virtual_network.vnet1"
          ]
        }
      ]
    },
    {
      "module": "module.vnet_module",
      "mode": "managed",
      "type": "azurerm_subnet_network_security_group_association",
      "name": "public_sunbnet_association",
      "provider": "provider[\"registry.terraform.io/hashicorp/azurerm\"]",
      "instances": [
        {
          "schema_version": 0,
          "attributes": {
            "id": "/subscriptions/26f72568-1444-4d55-858f-91155ab83d3d/resourceGroups/TrackingFlightFrequencies/providers/Microsoft.Network/virtualNetworks/vnet1/subnets/public-subnet",
            "network_security_group_id": "/subscriptions/26f72568-1444-4d55-858f-91155ab83d3d/resourceGroups/TrackingFlightFrequencies/providers/Microsoft.Network/networkSecurityGroups/TrackingFlightFrequencies-nsg",
            "subnet_id": "/subscriptions/26f72568-1444-4d55-858f-91155ab83d3d/resourceGroups/TrackingFlightFrequencies/providers/Microsoft.Network/virtualNetworks/vnet1/subnets/public-subnet",
            "timeouts": null
          },
          "sensitive_attributes": [],
          "private": "eyJlMmJmYjczMC1lY2FhLTExZTYtOGY4OC0zNDM2M2JjN2M0YzAiOnsiY3JlYXRlIjoxODAwMDAwMDAwMDAwLCJkZWxldGUiOjE4MDAwMDAwMDAwMDAsInJlYWQiOjMwMDAwMDAwMDAwMH19",
          "dependencies": [
            "azurerm_resource_group.TrackingFlightFrequencies",
            "module.vnet_module.azurerm_network_security_group.security_group",
            "module.vnet_module.azurerm_subnet.public-subnet",
            "module.vnet_module.azurerm_virtual_network.vnet1"
          ]
        }
      ]
    },
    {
      "module": "module.vnet_module",
      "mode": "managed",
      "type": "azurerm_virtual_network",
      "name": "vnet1",
      "provider": "provider[\"registry.terraform.io/hashicorp/azurerm\"]",
      "instances": [
        {
          "schema_version": 0,
          "attributes": {
            "address_space": [
              "10.2.0.0/16",
              "10.179.0.0/16"
            ],
            "bgp_community": "",
            "ddos_protection_plan": [],
            "dns_servers": [],
            "edge_zone": "",
            "encryption": [],
            "flow_timeout_in_minutes": 0,
            "guid": "ce112556-4c0f-48b2-965b-c7e9680af175",
            "id": "/subscriptions/26f72568-1444-4d55-858f-91155ab83d3d/resourceGroups/TrackingFlightFrequencies/providers/Microsoft.Network/virtualNetworks/vnet1",
            "location": "westeurope",
            "name": "vnet1",
            "resource_group_name": "TrackingFlightFrequencies",
            "subnet": [
              {
                "address_prefix": "10.179.0.0/18",
                "id": "/subscriptions/26f72568-1444-4d55-858f-91155ab83d3d/resourceGroups/TrackingFlightFrequencies/providers/Microsoft.Network/virtualNetworks/vnet1/subnets/private-subnet",
                "name": "private-subnet",
                "security_group": "/subscriptions/26f72568-1444-4d55-858f-91155ab83d3d/resourceGroups/TrackingFlightFrequencies/providers/Microsoft.Network/networkSecurityGroups/TrackingFlightFrequencies-nsg"
              },
              {
                "address_prefix": "10.179.64.0/18",
                "id": "/subscriptions/26f72568-1444-4d55-858f-91155ab83d3d/resourceGroups/TrackingFlightFrequencies/providers/Microsoft.Network/virtualNetworks/vnet1/subnets/public-subnet",
                "name": "public-subnet",
                "security_group": "/subscriptions/26f72568-1444-4d55-858f-91155ab83d3d/resourceGroups/TrackingFlightFrequencies/providers/Microsoft.Network/networkSecurityGroups/TrackingFlightFrequencies-nsg"
              }
            ],
            "tags": {},
            "timeouts": null
          },
          "sensitive_attributes": [],
          "private": "eyJlMmJmYjczMC1lY2FhLTExZTYtOGY4OC0zNDM2M2JjN2M0YzAiOnsiY3JlYXRlIjoxODAwMDAwMDAwMDAwLCJkZWxldGUiOjE4MDAwMDAwMDAwMDAsInJlYWQiOjMwMDAwMDAwMDAwMCwidXBkYXRlIjoxODAwMDAwMDAwMDAwfX0=",
          "dependencies": [
            "azurerm_resource_group.TrackingFlightFrequencies"
          ]
        }
      ]
    }
  ],
  "check_results": null
}
